
Microsoft Visual Studio Solution File, Format Version 12.00
# Visual Studio 2013
VisualStudioVersion = 12.0.40629.0
MinimumVisualStudioVersion = 10.0.40219.1
Project("{FAE04EC0-301F-11D3-BF4B-00C04F79EFBC}") = "L.Pos.Cons", "L.Pos.Cons\L.Pos.Cons.csproj", "{9DFAF434-A2DB-4E15-994B-0D72CC6905EA}"
EndProject
Project("{FAE04EC0-301F-11D3-BF4B-00C04F79EFBC}") = "L.Pos.DataAccess", "L.Pos.Domain\L.Pos.DataAccess.csproj", "{9A9C922E-1AAB-40B2-ABDA-8CEF4281E5A1}"
EndProject
Project("{FAE04EC0-301F-11D3-BF4B-00C04F79EFBC}") = "L.Pos.Model", "L.Pos.Model\L.Pos.Model.csproj", "{E969A525-3C48-4D62-8F32-8316B135960D}"
EndProject
Project("{FAE04EC0-301F-11D3-BF4B-00C04F79EFBC}") = "L.Pos.WebApp", "L.Pos.WebApp\L.Pos.WebApp.csproj", "{3750DD8C-6543-40E8-A6E8-C5EDFB738137}"
EndProject
Global
	GlobalSection(SolutionConfigurationPlatforms) = preSolution
		Debug|Any CPU = Debug|Any CPU
		Release|Any CPU = Release|Any CPU
	EndGlobalSection
	GlobalSection(ProjectConfigurationPlatforms) = postSolution
		{9DFAF434-A2DB-4E15-994B-0D72CC6905EA}.Debug|Any CPU.ActiveCfg = Debug|Any CPU
		{9DFAF434-A2DB-4E15-994B-0D72CC6905EA}.Debug|Any CPU.Build.0 = Debug|Any CPU
		{9DFAF434-A2DB-4E15-994B-0D72CC6905EA}.Release|Any CPU.ActiveCfg = Release|Any CPU
		{9DFAF434-A2DB-4E15-994B-0D72CC6905EA}.Release|Any CPU.Build.0 = Release|Any CPU
		{9A9C922E-1AAB-40B2-ABDA-8CEF4281E5A1}.Debug|Any CPU.ActiveCfg = Debug|Any CPU
		{9A9C922E-1AAB-40B2-ABDA-8CEF4281E5A1}.Debug|Any CPU.Build.0 = Debug|Any CPU
		{9A9C922E-1AAB-40B2-ABDA-8CEF4281E5A1}.Release|Any CPU.ActiveCfg = Release|Any CPU
		{9A9C922E-1AAB-40B2-ABDA-8CEF4281E5A1}.Release|Any CPU.Build.0 = Release|Any CPU
		{E969A525-3C48-4D62-8F32-8316B135960D}.Debug|Any CPU.ActiveCfg = Debug|Any CPU
		{E969A525-3C48-4D62-8F32-8316B135960D}.Debug|Any CPU.Build.0 = Debug|Any CPU
		{E969A525-3C48-4D62-8F32-8316B135960D}.Release|Any CPU.ActiveCfg = Release|Any CPU
		{E969A525-3C48-4D62-8F32-8316B135960D}.Release|Any CPU.Build.0 = Release|Any CPU
		{3750DD8C-6543-40E8-A6E8-C5EDFB738137}.Debug|Any CPU.ActiveCfg = Debug|Any CPU
		{3750DD8C-6543-40E8-A6E8-C5EDFB738137}.Debug|Any CPU.Build.0 = Debug|Any CPU
		{3750DD8C-6543-40E8-A6E8-C5EDFB738137}.Release|Any CPU.ActiveCfg = Release|Any CPU
		{3750DD8C-6543-40E8-A6E8-C5EDFB738137}.Release|Any CPU.Build.0 = Release|Any CPU
	EndGlobalSection
	GlobalSection(SolutionProperties) = preSolution
		HideSolutionNode = FALSE
	EndGlobalSection
EndGlobal
